github.com/cpuguy83/go-md2man/v2 v2.0.1/go.mod h1:tgQtvFlXSQOSOSIRvRPT7W67SCa46tRHOmNcaadrF8o=
github.com/cpuguy83/go-md2man/v2 v2.0.2/go.mod h1:tgQtvFlXSQOSOSIRvRPT7W67SCa46tRHOmNcaadrF8o=
github.com/davecgh/go-spew v1.1.0/go.mod h1:J7Y8YcW2NihsgmVo/mv3lAwl/skON4iLHjSsI+c5H38=
github.com/davecgh/go-spew v1.1.1 h1:vj9j/u1bqnvCEfJOwUhtlOARqs3+rkHYY13jYWTU97c=
github.com/davecgh/go-spew v1.1.1/go.mod h1:J7Y8YcW2NihsgmVo/mv3lAwl/skON4iLHjSsI+c5H38=
github.com/elastic/elastic-transport-go/v8 v8.0.0-20211216131617-bbee439d559c/go.mod h1:87Tcz8IVNe6rVSLdBux1o/PEItLtyabHU3naC7IoqKI=
github.com/elastic/elastic-transport-go/v8 v8.1.0 h1:NeqEz1ty4RQz+TVbUrpSU7pZ48XkzGWQj02k5koahIE=
github.com/elastic/elastic-transport-go/v8 v8.1.0/go.mod h1:87Tcz8IVNe6rVSLdBux1o/PEItLtyabHU3naC7IoqKI=
github.com/elastic/go-elasticsearch/v8 v8.1.0 h1:6TLhYoes04FRK83GakeuMsOQsx1qRwXdP/LF1nxfx1U=
github.com/elastic/go-elasticsearch/v8 v8.1.0/go.mod h1:yY52i2Vj0unLz+N3Nwx1gM5LXwoj3h2dgptNGBYkMLA=
github.com/elastic/go-elasticsearch/v8 v8.2.0 h1:oagGcb1gqxT7yWpQ3E7wMP3NhGRamsKVd7kRdbuI+/Y=
github.com/elastic/go-elasticsearch/v8 v8.2.0/go.mod h1:yY52i2Vj0unLz+N3Nwx1gM5LXwoj3h2dgptNGBYkMLA=
github.com/elastic/go-elasticsearch/v8 v8.3.0 h1:RF4iRbvWkiT6UksZ+OwSLeCEtBg/HO8r88xNiSmhb8U=
github.com/elastic/go-elasticsearch/v8 v8.3.0/go.mod h1:Usvydt+x0dv9a1TzEUaovqbJor8rmOHy5dSmPeMAE2k=
github.com/getsentry/sentry-go v0.13.0 h1:20dgTiUSfxRB/EhMPtxcL9ZEbM1ZdR+W/7f7NWD+xWo=
github.com/getsentry/sentry-go v0.13.0/go.mod h1:EOsfu5ZdvKPfeHYV6pTVQnsjfp30+XA7//UooKNumH0=
github.com/go-chi/chi/v5 v5.0.7 h1:rDTPXLDHGATaeHvVlLcR4Qe0zftYethFucbjVQ1PxU8=
github.com/go-chi/chi/v5 v5.0.7/go.mod h1:DslCQbL2OYiznFReuXYUmQ2hGd1aDpCnlMNITLSKoi8=
github.com/go-errors/errors v1.0.1 h1:LUHzmkK3GUKUrL/1gfBUxAHzcev3apQlezX/+O7ma6w=
github.com/google/go-cmp v0.5.5 h1:Khx7svrCpmxxtHBq5j2mp/xVjsi8hQMfNLvJFAlrGgU=
github.com/inconshreveable/mousetrap v1.0.0 h1:Z8tu5sraLXCXIcARxBp/8cbvlwVa7Z1NHg9XEKhtSvM=
github.com/inconshreveable/mousetrap v1.0.0/go.mod h1:PxqpIevigyE2G7u3NXJIT2ANytuPF1OarO4DADm73n8=
github.com/pelletier/go-toml/v2 v2.0.0-beta.6 h1:JFNqj2afbbhCqTiyN16D7Tudc/aaDzE2FBDk+VlBQnE=
github.com/pelletier/go-toml/v2 v2.0.0-beta.6/go.mod h1:ke6xncR3W76Ba8xnVxkrZG0js6Rd2BsQEAYrfgJ6eQA=
github.com/pelletier/go-toml/v2 v2.0.0-beta.7 h1:L4yIgTPTZBEmqW8Wkzkk59Ee8wsVRVct80l+lZBQuYw=
github.com/pelletier/go-toml/v2 v2.0.0-beta.7/go.mod h1:r9LEWfGN8R5k0VXJ+0BkIe7MYkRdwZOjgMj2KwnJFUo=
github.com/pelletier/go-toml/v2 v2.0.0-beta.8 h1:dy81yyLYJDwMTifq24Oi/IslOslRrDSb3jwDggjz3Z0=
github.com/pelletier/go-toml/v2 v2.0.0-beta.8/go.mod h1:r9LEWfGN8R5k0VXJ+0BkIe7MYkRdwZOjgMj2KwnJFUo=
github.com/pelletier/go-toml/v2 v2.0.0 h1:P7Bq0SaI8nsexyay5UAyDo+ICWy5MQPgEZ5+l8JQTKo=
github.com/pelletier/go-toml/v2 v2.0.0/go.mod h1:r9LEWfGN8R5k0VXJ+0BkIe7MYkRdwZOjgMj2KwnJFUo=
github.com/pelletier/go-toml/v2 v2.0.1 h1:8e3L2cCQzLFi2CR4g7vGFuFxX7Jl1kKX8gW+iV0GUKU=
github.com/pelletier/go-toml/v2 v2.0.1/go.mod h1:r9LEWfGN8R5k0VXJ+0BkIe7MYkRdwZOjgMj2KwnJFUo=
github.com/pelletier/go-toml/v2 v2.0.2 h1:+jQXlF3scKIcSEKkdHzXhCTDLPFi5r1wnK6yPS+49Gw=
github.com/pelletier/go-toml/v2 v2.0.2/go.mod h1:MovirKjgVRESsAvNZlAjtFwV867yGuwRkXbG66OzopI=
github.com/pingcap/errors v0.11.4 h1:lFuQV/oaUMGcD2tqt+01ROSmJs75VG1ToEOkZIZ4nE4=
github.com/pkg/errors v0.8.1 h1:iURUrRGxPUNPdy5/HRSm+Yj6okJ6UtLINN0Q9M4+h3I=
github.com/pmezard/go-difflib v1.0.0 h1:4DBwDE0NGyQoBHbLQYPwSUPoCMWR5BEzIk/f1lZbAQM=
github.com/pmezard/go-difflib v1.0.0/go.mod h1:iKH77koFhYxTK1pcRnkKkqfTogsbg7gZNVY4sRDYZ/4=
github.com/russross/blackfriday/v2 v2.1.0/go.mod h1:+Rmxgy9KzJVeS9/2gXHxylqXiyQDYRxCVz55jmeOWTM=
github.com/sirupsen/logrus v1.8.1 h1:dJKuHgqk1NNQlqoA6BTlM1Wf9DOH3NBjQyu0h9+AZZE=
github.com/sirupsen/logrus v1.8.1/go.mod h1:yWOB1SBYBC5VeMP7gHvWumXLIWorT60ONWic61uBYv0=
github.com/spf13/cobra v1.4.0 h1:y+wJpx64xcgO1V+RcnwW0LEHxTKRi2ZDPSBjWnrg88Q=
github.com/spf13/cobra v1.4.0/go.mod h1:Wo4iy3BUC+X2Fybo0PDqwJIv3dNRiZLHQymsfxlB84g=
github.com/spf13/cobra v1.5.0 h1:X+jTBEBqF0bHN+9cSMgmfuvv2VHJ9ezmFNf9Y/XstYU=
github.com/spf13/cobra v1.5.0/go.mod h1:dWXEIy2H428czQCjInthrTRUg7yKbok+2Qi/yBIJoUM=
github.com/spf13/pflag v1.0.5 h1:iy+VFUOCP1a+8yFto/drg2CJ5u0yRoB7fZw3DKv/JXA=
github.com/spf13/pflag v1.0.5/go.mod h1:McXfInJRrz4CZXVZOBLb0bTZqETkiAhM9Iw0y3An2Bg=
github.com/stretchr/objx v0.1.0/go.mod h1:HFkY916IF+rwdDfMAkV7OtwuqBVzrE8GR6GFx+wExME=
github.com/stretchr/testify v1.2.2/go.mod h1:a8OnRcib4nhh0OaRAV+Yts87kKdq0PP7pXfy6kDkUVs=
github.com/stretchr/testify v1.7.1-0.20210427113832-6241f9ab9942 h1:t0lM6y/M5IiUZyvbBTcngso8SZEZICH7is9B6g/obVU=
github.com/stretchr/testify v1.7.1-0.20210427113832-6241f9ab9942/go.mod h1:6Fq8oRcR53rry900zMqJjRRixrwX3KX962/h/Wwjteg=
github.com/stretchr/testify v1.7.1/go.mod h1:6Fq8oRcR53rry900zMqJjRRixrwX3KX962/h/Wwjteg=
github.com/stretchr/testify v1.7.2/go.mod h1:R6va5+xMeoiuVRoj+gSkQ7d3FALtqAAGI1FQKckRals=
golang.org/x/sys v0.0.0-20191026070338-33540a1f6037/go.mod h1:h1NjWce9XRLGQEsW7wpKNCjG9DtNlClVuFLEZdDNbEs=
golang.org/x/sys v0.0.0-20211019181941-9d821ace8654 h1:id054HUawV2/6IGm2IV8KZQjqtwAOo2CYlOToYqa0d0=
golang.org/x/sys v0.0.0-20211019181941-9d821ace8654/go.mod h1:oPkhp1MJrh7nUepCBck5+mAzfO9JrbApNNgaTdGDITg=
golang.org/x/xerrors v0.0.0-20200804184101-5ec99f83aff1 h1:go1bK/D/BFZV2I8cIQd1NKEZ+0owSTG1fDTci4IqFcE=
golang.org/x/xerrors v0.0.0-20200804184101-5ec99f83aff1/go.mod h1:I/5z698sn9Ka8TeJc9MKroUUfqBBauWjQqLJ2OPfmY0=
gopkg.in/check.v1 v0.0.0-20161208181325-20d25e280405/go.mod h1:Co6ibVJAznAaIkqp8huTwlJQCZ016jof/cbN4VW5Yz0=
gopkg.in/yaml.v2 v2.4.0/go.mod h1:RDklbk79AGWmwhnvt/jBztapEOGDOx6ZbXqjP6csGnQ=
gopkg.in/yaml.v3 v3.0.0-20200313102051-9f266ea9e77c h1:dUUwHk2QECo/6vqA44rthZ8ie2QXMNeKRTHCNY2nXvo=
gopkg.in/yaml.v3 v3.0.0-20200313102051-9f266ea9e77c/go.mod h1:K4uyk7z7BCEPqu6E+C64Yfv1cQ7kz7rIZviUmN+EgEM=
gopkg.in/yaml.v3 v3.0.1/go.mod h1:K4uyk7z7BCEPqu6E+C64Yfv1cQ7kz7rIZviUmN+EgEM=
